// !$*UTF8*$!
{
	archiveVersion = 1;
	classes = {
	};
	objectVersion = 48;
	objects = {

/* Begin PBXBuildFile section */
		F8FC0E32203933860085008E /* AppDelegate.swift in Sources */ = {isa = PBXBuildFile; fileRef = F8FC0E31203933860085008E /* AppDelegate.swift */; };
		F8FC0E34203933860085008E /* ViewController.swift in Sources */ = {isa = PBXBuildFile; fileRef = F8FC0E33203933860085008E /* ViewController.swift */; };
		F8FC0E37203933860085008E /* Main.storyboard in Resources */ = {isa = PBXBuildFile; fileRef = F8FC0E35203933860085008E /* Main.storyboard */; };
		F8FC0E39203933860085008E /* Assets.xcassets in Resources */ = {isa = PBXBuildFile; fileRef = F8FC0E38203933860085008E /* Assets.xcassets */; };
		F8FC0E3C203933860085008E /* LaunchScreen.storyboard in Resources */ = {isa = PBXBuildFile; fileRef = F8FC0E3A203933860085008E /* LaunchScreen.storyboard */; };
		F8FC0E47203933870085008E /* SegueTests.swift in Sources */ = {isa = PBXBuildFile; fileRef = F8FC0E46203933870085008E /* SegueTests.swift */; };
		F8FC0E52203933870085008E /* SegueUITests.swift in Sources */ = {isa = PBXBuildFile; fileRef = F8FC0E51203933870085008E /* SegueUITests.swift */; };
		F8FC0E622039394C0085008E /* SecondPage.swift in Sources */ = {isa = PBXBuildFile; fileRef = F8FC0E612039394C0085008E /* SecondPage.swift */; };
/* End PBXBuildFile section */

/* Begin PBXContainerItemProxy section */
		F8FC0E43203933870085008E /* PBXContainerItemProxy */ = {
			isa = PBXContainerItemProxy;
			containerPortal = F8FC0E26203933860085008E /* Project object */;
			proxyType = 1;
			remoteGlobalIDString = F8FC0E2D203933860085008E;
			remoteInfo = Segue;
		};
		F8FC0E4E203933870085008E /* PBXContainerItemProxy */ = {
			isa = PBXContainerItemProxy;
			containerPortal = F8FC0E26203933860085008E /* Project object */;
			proxyType = 1;
			remoteGlobalIDString = F8FC0E2D203933860085008E;
			remoteInfo = Segue;
		};
/* End PBXContainerItemProxy section */

/* Begin PBXFileReference section */
		F8FC0E2E203933860085008E /* Segue.app */ = {isa = PBXFileReference; explicitFileType = wrapper.application; includeInIndex = 0; path = Segue.app; sourceTree = BUILT_PRODUCTS_DIR; };
		F8FC0E31203933860085008E /* AppDelegate.swift */ = {isa = PBXFileReference; lastKnownFileType = sourcecode.swift; path = AppDelegate.swift; sourceTree = "<group>"; };
		F8FC0E33203933860085008E /* ViewController.swift */ = {isa = PBXFileReference; lastKnownFileType = sourcecode.swift; path = ViewController.swift; sourceTree = "<group>"; };
		F8FC0E36203933860085008E /* Base */ = {isa = PBXFileReference; lastKnownFileType = file.storyboard; name = Base; path = Base.lproj/Main.storyboard; sourceTree = "<group>"; };
		F8FC0E38203933860085008E /* Assets.xcassets */ = {isa = PBXFileReference; lastKnownFileType = folder.assetcatalog; path = Assets.xcassets; sourceTree = "<group>"; };
		F8FC0E3B203933860085008E /* Base */ = {isa = PBXFileReference; lastKnownFileType = file.storyboard; name = Base; path = Base.lproj/LaunchScreen.storyboard; sourceTree = "<group>"; };
		F8FC0E3D203933860085008E /* Info.plist */ = {isa = PBXFileReference; lastKnownFileType = text.plist.xml; path = Info.plist; sourceTree = "<group>"; };
		F8FC0E42203933870085008E /* SegueTests.xctest */ = {isa = PBXFileReference; explicitFileType = wrapper.cfbundle; includeInIndex = 0; path = SegueTests.xctest; sourceTree = BUILT_PRODUCTS_DIR; };
		F8FC0E46203933870085008E /* SegueTests.swift */ = {isa = PBXFileReference; lastKnownFileType = sourcecode.swift; path = SegueTests.swift; sourceTree = "<group>"; };
		F8FC0E48203933870085008E /* Info.plist */ = {isa = PBXFileReference; lastKnownFileType = text.plist.xml; path = Info.plist; sourceTree = "<group>"; };
		F8FC0E4D203933870085008E /* SegueUITests.xctest */ = {isa = PBXFileReference; explicitFileType = wrapper.cfbundle; includeInIndex = 0; path = SegueUITests.xctest; sourceTree = BUILT_PRODUCTS_DIR; };
		F8FC0E51203933870085008E /* SegueUITests.swift */ = {isa = PBXFileReference; lastKnownFileType = sourcecode.swift; path = SegueUITests.swift; sourceTree = "<group>"; };
		F8FC0E53203933870085008E /* Info.plist */ = {isa = PBXFileReference; lastKnownFileType = text.plist.xml; path = Info.plist; sourceTree = "<group>"; };
		F8FC0E612039394C0085008E /* SecondPage.swift */ = {isa = PBXFileReference; fileEncoding = 4; lastKnownFileType = sourcecode.swift; path = SecondPage.swift; sourceTree = "<group>"; };
/* End PBXFileReference section */

/* Begin PBXFrameworksBuildPhase section */
		F8FC0E2B203933860085008E /* Frameworks */ = {
			isa = PBXFrameworksBuildPhase;
			buildActionMask = 2147483647;
			files = (
			);
			runOnlyForDeploymentPostprocessing = 0;
		};
		F8FC0E3F203933870085008E /* Frameworks */ = {
			isa = PBXFrameworksBuildPhase;
			buildActionMask = 2147483647;
			files = (
			);
			runOnlyForDeploymentPostprocessing = 0;
		};
		F8FC0E4A203933870085008E /* Frameworks */ = {
			isa = PBXFrameworksBuildPhase;
			buildActionMask = 2147483647;
			files = (
			);
			runOnlyForDeploymentPostprocessing = 0;
		};
/* End PBXFrameworksBuildPhase section */

/* Begin PBXGroup section */
		F8FC0E25203933860085008E = {
			isa = PBXGroup;
			children = (
				F8FC0E30203933860085008E /* Segue */,
				F8FC0E45203933870085008E /* SegueTests */,
				F8FC0E50203933870085008E /* SegueUITests */,
				F8FC0E2F203933860085008E /* Products */,
			);
			sourceTree = "<group>";
		};
		F8FC0E2F203933860085008E /* Products */ = {
			isa = PBXGroup;
			children = (
				F8FC0E2E203933860085008E /* Segue.app */,
				F8FC0E42203933870085008E /* SegueTests.xctest */,
				F8FC0E4D203933870085008E /* SegueUITests.xctest */,
			);
			name = Products;
			sourceTree = "<group>";
		};
		F8FC0E30203933860085008E /* Segue */ = {
			isa = PBXGroup;
			children = (
				F8FC0E31203933860085008E /* AppDelegate.swift */,
				F8FC0E33203933860085008E /* ViewController.swift */,
				F8FC0E612039394C0085008E /* SecondPage.swift */,
				F8FC0E35203933860085008E /* Main.storyboard */,
				F8FC0E38203933860085008E /* Assets.xcassets */,
				F8FC0E3A203933860085008E /* LaunchScreen.storyboard */,
				F8FC0E3D203933860085008E /* Info.plist */,
			);
			path = Segue;
			sourceTree = "<group>";
		};
		F8FC0E45203933870085008E /* SegueTests */ = {
			isa = PBXGroup;
			children = (
				F8FC0E46203933870085008E /* SegueTests.swift */,
				F8FC0E48203933870085008E /* Info.plist */,
			);
			path = SegueTests;
			sourceTree = "<group>";
		};
		F8FC0E50203933870085008E /* SegueUITests */ = {
			isa = PBXGroup;
			children = (
				F8FC0E51203933870085008E /* SegueUITests.swift */,
				F8FC0E53203933870085008E /* Info.plist */,
			);
			path = SegueUITests;
			sourceTree = "<group>";
		};
/* End PBXGroup section */

/* Begin PBXNativeTarget section */
		F8FC0E2D203933860085008E /* Segue */ = {
			isa = PBXNativeTarget;
			buildConfigurationList = F8FC0E56203933870085008E /* Build configuration list for PBXNativeTarget "Segue" */;
			buildPhases = (
				F8FC0E2A203933860085008E /* Sources */,
				F8FC0E2B203933860085008E /* Frameworks */,
				F8FC0E2C203933860085008E /* Resources */,
			);
			buildRules = (
			);
			dependencies = (
			);
			name = Segue;
			productName = Segue;
			productReference = F8FC0E2E203933860085008E /* Segue.app */;
			productType = "com.apple.product-type.application";
		};
		F8FC0E41203933870085008E /* SegueTests */ = {
			isa = PBXNativeTarget;
			buildConfigurationList = F8FC0E59203933870085008E /* Build configuration list for PBXNativeTarget "SegueTests" */;
			buildPhases = (
				F8FC0E3E203933870085008E /* Sources */,
				F8FC0E3F203933870085008E /* Frameworks */,
				F8FC0E40203933870085008E /* Resources */,
			);
			buildRules = (
			);
			dependencies = (
				F8FC0E44203933870085008E /* PBXTargetDependency */,
			);
			name = SegueTests;
			productName = SegueTests;
			productReference = F8FC0E42203933870085008E /* SegueTests.xctest */;
			productType = "com.apple.product-type.bundle.unit-test";
		};
		F8FC0E4C203933870085008E /* SegueUITests */ = {
			isa = PBXNativeTarget;
			buildConfigurationList = F8FC0E5C203933870085008E /* Build configuration list for PBXNativeTarget "SegueUITests" */;
			buildPhases = (
				F8FC0E49203933870085008E /* Sources */,
				F8FC0E4A203933870085008E /* Frameworks */,
				F8FC0E4B203933870085008E /* Resources */,
			);
			buildRules = (
			);
			dependencies = (
				F8FC0E4F203933870085008E /* PBXTargetDependency */,
			);
			name = SegueUITests;
			productName = SegueUITests;
			productReference = F8FC0E4D203933870085008E /* SegueUITests.xctest */;
			productType = "com.apple.product-type.bundle.ui-testing";
		};
/* End PBXNativeTarget section */

/* Begin PBXProject section */
		F8FC0E26203933860085008E /* Project object */ = {
			isa = PBXProject;
			attributes = {
				LastSwiftUpdateCheck = 0920;
				LastUpgradeCheck = 0920;
				ORGANIZATIONNAME = 41;
				TargetAttributes = {
					F8FC0E2D203933860085008E = {
						CreatedOnToolsVersion = 9.2;
						ProvisioningStyle = Automatic;
					};
					F8FC0E41203933870085008E = {
						CreatedOnToolsVersion = 9.2;
						ProvisioningStyle = Automatic;
						TestTargetID = F8FC0E2D203933860085008E;
					};
					F8FC0E4C203933870085008E = {
						CreatedOnToolsVersion = 9.2;
						ProvisioningStyle = Automatic;
						TestTargetID = F8FC0E2D203933860085008E;
					};
				};
			};
			buildConfigurationList = F8FC0E29203933860085008E /* Build configuration list for PBXProject "Segue" */;
			compatibilityVersion = "Xcode 8.0";
			developmentRegion = en;
			hasScannedForEncodings = 0;
			knownRegions = (
				en,
				Base,
			);
			mainGroup = F8FC0E25203933860085008E;
			productRefGroup = F8FC0E2F203933860085008E /* Products */;
			projectDirPath = "";
			projectRoot = "";
			targets = (
				F8FC0E2D203933860085008E /* Segue */,
				F8FC0E41203933870085008E /* SegueTests */,
				F8FC0E4C203933870085008E /* SegueUITests */,
			);
		};
/* End PBXProject section */

/* Begin PBXResourcesBuildPhase section */
		F8FC0E2C203933860085008E /* Resources */ = {
			isa = PBXResourcesBuildPhase;
			buildActionMask = 2147483647;
			files = (
				F8FC0E3C203933860085008E /* LaunchScreen.storyboard in Resources */,
				F8FC0E39203933860085008E /* Assets.xcassets in Resources */,
				F8FC0E37203933860085008E /* Main.storyboard in Resources */,
			);
			runOnlyForDeploymentPostprocessing = 0;
		};
		F8FC0E40203933870085008E /* Resources */ = {
			isa = PBXResourcesBuildPhase;
			buildActionMask = 2147483647;
			files = (
			);
			runOnlyForDeploymentPostprocessing = 0;
		};
		F8FC0E4B203933870085008E /* Resources */ = {
			isa = PBXResourcesBuildPhase;
			buildActionMask = 2147483647;
			files = (
			);
			runOnlyForDeploymentPostprocessing = 0;
		};
/* End PBXResourcesBuildPhase section */

/* Begin PBXSourcesBuildPhase section */
		F8FC0E2A203933860085008E /* Sources */ = {
			isa = PBXSourcesBuildPhase;
			buildActionMask = 2147483647;
			files = (
				F8FC0E34203933860085008E /* ViewController.swift in Sources */,
				F8FC0E32203933860085008E /* AppDelegate.swift in Sources */,
				F8FC0E622039394C0085008E /* SecondPage.swift in Sources */,
			);
			runOnlyForDeploymentPostprocessing = 0;
		};
		F8FC0E3E203933870085008E /* Sources */ = {
			isa = PBXSourcesBuildPhase;
			buildActionMask = 2147483647;
			files = (
				F8FC0E47203933870085008E /* SegueTests.swift in Sources */,
			);
			runOnlyForDeploymentPostprocessing = 0;
		};
		F8FC0E49203933870085008E /* Sources */ = {
			isa = PBXSourcesBuildPhase;
			buildActionMask = 2147483647;
			files = (
				F8FC0E52203933870085008E /* SegueUITests.swift in Sources */,
			);
			runOnlyForDeploymentPostprocessing = 0;
		};
/* End PBXSourcesBuildPhase section */

/* Begin PBXTargetDependency section */
		F8FC0E44203933870085008E /* PBXTargetDependency */ = {
			isa = PBXTargetDependency;
			target = F8FC0E2D203933860085008E /* Segue */;
			targetProxy = F8FC0E43203933870085008E /* PBXContainerItemProxy */;
		};
		F8FC0E4F203933870085008E /* PBXTargetDependency */ = {
			isa = PBXTargetDependency;
			target = F8FC0E2D203933860085008E /* Segue */;
			targetProxy = F8FC0E4E203933870085008E /* PBXContainerItemProxy */;
		};
/* End PBXTargetDependency section */

/* Begin PBXVariantGroup section */
		F8FC0E35203933860085008E /* Main.storyboard */ = {
			isa = PBXVariantGroup;
			children = (
				F8FC0E36203933860085008E /* Base */,
			);
			name = Main.storyboard;
			sourceTree = "<group>";
		};
		F8FC0E3A203933860085008E /* LaunchScreen.storyboard */ = {
			isa = PBXVariantGroup;
			children = (
				F8FC0E3B203933860085008E /* Base */,
			);
			name = LaunchScreen.storyboard;
			sourceTree = "<group>";
		};
/* End PBXVariantGroup section */

/* Begin XCBuildConfiguration section */
		F8FC0E54203933870085008E /* Debug */ = {
			isa = XCBuildConfiguration;
			buildSettings = {
				ALWAYS_SEARCH_USER_PATHS = NO;
				CLANG_ANALYZER_NONNULL = YES;
				CLANG_ANALYZER_NUMBER_OBJECT_CONVERSION = YES_AGGRESSIVE;
				CLANG_CXX_LANGUAGE_STANDARD = "gnu++14";
				CLANG_CXX_LIBRARY = "libc++";
				CLANG_ENABLE_MODULES = YES;
				CLANG_ENABLE_OBJC_ARC = YES;
				CLANG_WARN_BLOCK_CAPTURE_AUTORELEASING = YES;
				CLANG_WARN_BOOL_CONVERSION = YES;
				CLANG_WARN_COMMA = YES;
				CLANG_WARN_CONSTANT_CONVERSION = YES;
				CLANG_WARN_DIRECT_OBJC_ISA_USAGE = YES_ERROR;
				CLANG_WARN_DOCUMENTATION_COMMENTS = YES;
				CLANG_WARN_EMPTY_BODY = YES;
				CLANG_WARN_ENUM_CONVERSION = YES;
				CLANG_WARN_INFINITE_RECURSION = YES;
				CLANG_WARN_INT_CONVERSION = YES;
				CLANG_WARN_NON_LITERAL_NULL_CONVERSION = YES;
				CLANG_WARN_OBJC_LITERAL_CONVERSION = YES;
				CLANG_WARN_OBJC_ROOT_CLASS = YES_ERROR;
				CLANG_WARN_RANGE_LOOP_ANALYSIS = YES;
				CLANG_WARN_STRICT_PROTOTYPES = YES;
				CLANG_WARN_SUSPICIOUS_MOVE = YES;
				CLANG_WARN_UNGUARDED_AVAILABILITY = YES_AGGRESSIVE;
				CLANG_WARN_UNREACHABLE_CODE = YES;
				CLANG_WARN__DUPLICATE_METHOD_MATCH = YES;
				CODE_SIGN_IDENTITY = "iPhone Developer";
				COPY_PHASE_STRIP = NO;
				DEBUG_INFORMATION_FORMAT = dwarf;
				ENABLE_STRICT_OBJC_MSGSEND = YES;
				ENABLE_TESTABILITY = YES;
				GCC_C_LANGUAGE_STANDARD = gnu11;
				GCC_DYNAMIC_NO_PIC = NO;
				GCC_NO_COMMON_BLOCKS = YES;
				GCC_OPTIMIZATION_LEVEL = 0;
				GCC_PREPROCESSOR_DEFINITIONS = (
					"DEBUG=1",
					"$(inherited)",
				);
				GCC_WARN_64_TO_32_BIT_CONVERSION = YES;
				GCC_WARN_ABOUT_RETURN_TYPE = YES_ERROR;
				GCC_WARN_UNDECLARED_SELECTOR = YES;
				GCC_WARN_UNINITIALIZED_AUTOS = YES_AGGRESSIVE;
				GCC_WARN_UNUSED_FUNCTION = YES;
				GCC_WARN_UNUSED_VARIABLE = YES;
				IPHONEOS_DEPLOYMENT_TARGET = 11.2;
				MTL_ENABLE_DEBUG_INFO = YES;
				ONLY_ACTIVE_ARCH = YES;
				SDKROOT = iphoneos;
				SWIFT_ACTIVE_COMPILATION_CONDITIONS = DEBUG;
				SWIFT_OPTIMIZATION_LEVEL = "-Onone";
			};
			name = Debug;
		};
		F8FC0E55203933870085008E /* Release */ = {
			isa = XCBuildConfiguration;
			buildSettings = {
				ALWAYS_SEARCH_USER_PATHS = NO;
				CLANG_ANALYZER_NONNULL = YES;
				CLANG_ANALYZER_NUMBER_OBJECT_CONVERSION = YES_AGGRESSIVE;
				CLANG_CXX_LANGUAGE_STANDARD = "gnu++14";
				CLANG_CXX_LIBRARY = "libc++";
				CLANG_ENABLE_MODULES = YES;
				CLANG_ENABLE_OBJC_ARC = YES;
				CLANG_WARN_BLOCK_CAPTURE_AUTORELEASING = YES;
				CLANG_WARN_BOOL_CONVERSION = YES;
				CLANG_WARN_COMMA = YES;
				CLANG_WARN_CONSTANT_CONVERSION = YES;
				CLANG_WARN_DIRECT_OBJC_ISA_USAGE = YES_ERROR;
				CLANG_WARN_DOCUMENTATION_COMMENTS = YES;
				CLANG_WARN_EMPTY_BODY = YES;
				CLANG_WARN_ENUM_CONVERSION = YES;
				CLANG_WARN_INFINITE_RECURSION = YES;
				CLANG_WARN_INT_CONVERSION = YES;
				CLANG_WARN_NON_LITERAL_NULL_CONVERSION = YES;
				CLANG_WARN_OBJC_LITERAL_CONVERSION = YES;
				CLANG_WARN_OBJC_ROOT_CLASS = YES_ERROR;
				CLANG_WARN_RANGE_LOOP_ANALYSIS = YES;
				CLANG_WARN_STRICT_PROTOTYPES = YES;
				CLANG_WARN_SUSPICIOUS_MOVE = YES;
				CLANG_WARN_UNGUARDED_AVAILABILITY = YES_AGGRESSIVE;
				CLANG_WARN_UNREACHABLE_CODE = YES;
				CLANG_WARN__DUPLICATE_METHOD_MATCH = YES;
				CODE_SIGN_IDENTITY = "iPhone Developer";
				COPY_PHASE_STRIP = NO;
				DEBUG_INFORMATION_FORMAT = "dwarf-with-dsym";
				ENABLE_NS_ASSERTIONS = NO;
				ENABLE_STRICT_OBJC_MSGSEND = YES;
				GCC_C_LANGUAGE_STANDARD = gnu11;
				GCC_NO_COMMON_BLOCKS = YES;
				GCC_WARN_64_TO_32_BIT_CONVERSION = YES;
				GCC_WARN_ABOUT_RETURN_TYPE = YES_ERROR;
				GCC_WARN_UNDECLARED_SELECTOR = YES;
				GCC_WARN_UNINITIALIZED_AUTOS = YES_AGGRESSIVE;
				GCC_WARN_UNUSED_FUNCTION = YES;
				GCC_WARN_UNUSED_VARIABLE = YES;
				IPHONEOS_DEPLOYMENT_TARGET = 11.2;
				MTL_ENABLE_DEBUG_INFO = NO;
				SDKROOT = iphoneos;
				SWIFT_OPTIMIZATION_LEVEL = "-Owholemodule";
				VALIDATE_PRODUCT = YES;
			};
			name = Release;
		};
		F8FC0E57203933870085008E /* Debug */ = {
			isa = XCBuildConfiguration;
			buildSettings = {
				ASSETCATALOG_COMPILER_APPICON_NAME = AppIcon;
				CODE_SIGN_STYLE = Automatic;
				DEVELOPMENT_TEAM = RP4H9HU9UN;
				INFOPLIST_FILE = Segue/Info.plist;
				LD_RUNPATH_SEARCH_PATHS = "$(inherited) @executable_path/Frameworks";
				PRODUCT_BUNDLE_IDENTIFIER = yangfourone.Segue;
				PRODUCT_NAME = "$(TARGET_NAME)";
				SWIFT_VERSION = 4.0;
				TARGETED_DEVICE_FAMILY = "1,2";
			};
			name = Debug;
		};
		F8FC0E58203933870085008E /* Release */ = {
			isa = XCBuildConfiguration;
			buildSettings = {
				ASSETCATALOG_COMPILER_APPICON_NAME = AppIcon;
				CODE_SIGN_STYLE = Automatic;
				DEVELOPMENT_TEAM = RP4H9HU9UN;
				INFOPLIST_FILE = Segue/Info.plist;
				LD_RUNPATH_SEARCH_PATHS = "$(inherited) @executable_path/Frameworks";
				PRODUCT_BUNDLE_IDENTIFIER = yangfourone.Segue;
				PRODUCT_NAME = "$(TARGET_NAME)";
				SWIFT_VERSION = 4.0;
				TARGETED_DEVICE_FAMILY = "1,2";
			};
			name = Release;
		};
		F8FC0E5A203933870085008E /* Debug */ = {
			isa = XCBuildConfiguration;
			buildSettings = {
				ALWAYS_EMBED_SWIFT_STANDARD_LIBRARIES = YES;
				BUNDLE_LOADER = "$(TEST_HOST)";
				CODE_SIGN_STYLE = Automatic;
				DEVELOPMENT_TEAM = RP4H9HU9UN;
				INFOPLIST_FILE = SegueTests/Info.plist;
				LD_RUNPATH_SEARCH_PATHS = "$(inherited) @executable_path/Frameworks @loader_path/Frameworks";
				PRODUCT_BUNDLE_IDENTIFIER = yangfourone.SegueTests;
				PRODUCT_NAME = "$(TARGET_NAME)";
				SWIFT_VERSION = 4.0;
				TARGETED_DEVICE_FAMILY = "1,2";
				TEST_HOST = "$(BUILT_PRODUCTS_DIR)/Segue.app/Segue";
			};
			name = Debug;
		};
		F8FC0E5B203933870085008E /* Release */ = {
			isa = XCBuildConfiguration;
			buildSettings = {
				ALWAYS_EMBED_SWIFT_STANDARD_LIBRARIES = YES;
				BUNDLE_LOADER = "$(TEST_HOST)";
				CODE_SIGN_STYLE = Automatic;
				DEVELOPMENT_TEAM = RP4H9HU9UN;
				INFOPLIST_FILE = SegueTests/Info.plist;
				LD_RUNPATH_SEARCH_PATHS = "$(inherited) @executable_path/Frameworks @loader_path/Frameworks";
				PRODUCT_BUNDLE_IDENTIFIER = yangfourone.SegueTests;
				PRODUCT_NAME = "$(TARGET_NAME)";
				SWIFT_VERSION = 4.0;
				TARGETED_DEVICE_FAMILY = "1,2";
				TEST_HOST = "$(BUILT_PRODUCTS_DIR)/Segue.app/Segue";
			};
			name = Release;
		};
		F8FC0E5D203933870085008E /* Debug */ = {
			isa = XCBuildConfiguration;
			buildSettings = {
				ALWAYS_EMBED_SWIFT_STANDARD_LIBRARIES = YES;
				CODE_SIGN_STYLE = Automatic;
				DEVELOPMENT_TEAM = RP4H9HU9UN;
				INFOPLIST_FILE = SegueUITests/Info.plist;
				LD_RUNPATH_SEARCH_PATHS = "$(inherited) @executable_path/Frameworks @loader_path/Frameworks";
				PRODUCT_BUNDLE_IDENTIFIER = yangfourone.SegueUITests;
				PRODUCT_NAME = "$(TARGET_NAME)";
				SWIFT_VERSION = 4.0;
				TARGETED_DEVICE_FAMILY = "1,2";
				TEST_TARGET_NAME = Segue;
			};
			name = Debug;
		};
		F8FC0E5E203933870085008E /* Release */ = {
			isa = XCBuildConfiguration;
			buildSettings = {
				ALWAYS_EMBED_SWIFT_STANDARD_LIBRARIES = YES;
				CODE_SIGN_STYLE = Automatic;
				DEVELOPMENT_TEAM = RP4H9HU9UN;
				INFOPLIST_FILE = SegueUITests/Info.plist;
				LD_RUNPATH_SEARCH_PATHS = "$(inherited) @executable_path/Frameworks @loader_path/Frameworks";
				PRODUCT_BUNDLE_IDENTIFIER = yangfourone.SegueUITests;
				PRODUCT_NAME = "$(TARGET_NAME)";
				SWIFT_VERSION = 4.0;
				TARGETED_DEVICE_FAMILY = "1,2";
				TEST_TARGET_NAME = Segue;
			};
			name = Release;
		};
/* End XCBuildConfiguration section */

/* Begin XCConfigurationList section */
		F8FC0E29203933860085008E /* Build configuration list for PBXProject "Segue" */ = {
			isa = XCConfigurationList;
			buildConfigurations = (
				F8FC0E54203933870085008E /* Debug */,
				F8FC0E55203933870085008E /* Release */,
			);
			defaultConfigurationIsVisible = 0;
			defaultConfigurationName = Release;
		};
		F8FC0E56203933870085008E /* Build configuration list for PBXNativeTarget "Segue" */ = {
			isa = XCConfigurationList;
			buildConfigurations = (
				F8FC0E57203933870085008E /* Debug */,
				F8FC0E58203933870085008E /* Release */,
			);
			defaultConfigurationIsVisible = 0;
			defaultConfigurationName = Release;
		};
		F8FC0E59203933870085008E /* Build configuration list for PBXNativeTarget "SegueTests" */ = {
			isa = XCConfigurationList;
			buildConfigurations = (
				F8FC0E5A203933870085008E /* Debug */,
				F8FC0E5B203933870085008E /* Release */,
			);
			defaultConfigurationIsVisible = 0;
			defaultConfigurationName = Release;
		};
		F8FC0E5C203933870085008E /* Build configuration list for PBXNativeTarget "SegueUITests" */ = {
			isa = XCConfigurationList;
			buildConfigurations = (
				F8FC0E5D203933870085008E /* Debug */,
				F8FC0E5E203933870085008E /* Release */,
			);
			defaultConfigurationIsVisible = 0;
			defaultConfigurationName = Release;
		};
/* End XCConfigurationList section */
	};
	rootObject = F8FC0E26203933860085008E /* Project object */;
}
