// !$*UTF8*$!
{
	archiveVersion = 1;
	classes = {
	};
	objectVersion = 48;
	objects = {

/* Begin PBXBuildFile section */
		F80E08D92056B04E00DDFF93 /* AppDelegate.swift in Sources */ = {isa = PBXBuildFile; fileRef = F80E08D82056B04E00DDFF93 /* AppDelegate.swift */; };
		F80E08DB2056B04E00DDFF93 /* ViewController.swift in Sources */ = {isa = PBXBuildFile; fileRef = F80E08DA2056B04E00DDFF93 /* ViewController.swift */; };
		F80E08DE2056B04E00DDFF93 /* Main.storyboard in Resources */ = {isa = PBXBuildFile; fileRef = F80E08DC2056B04E00DDFF93 /* Main.storyboard */; };
		F80E08E02056B04E00DDFF93 /* Assets.xcassets in Resources */ = {isa = PBXBuildFile; fileRef = F80E08DF2056B04E00DDFF93 /* Assets.xcassets */; };
		F80E08E32056B04E00DDFF93 /* LaunchScreen.storyboard in Resources */ = {isa = PBXBuildFile; fileRef = F80E08E12056B04E00DDFF93 /* LaunchScreen.storyboard */; };
		F80E08EE2056B04F00DDFF93 /* imageViewTests.swift in Sources */ = {isa = PBXBuildFile; fileRef = F80E08ED2056B04F00DDFF93 /* imageViewTests.swift */; };
		F80E08F92056B04F00DDFF93 /* imageViewUITests.swift in Sources */ = {isa = PBXBuildFile; fileRef = F80E08F82056B04F00DDFF93 /* imageViewUITests.swift */; };
/* End PBXBuildFile section */

/* Begin PBXContainerItemProxy section */
		F80E08EA2056B04F00DDFF93 /* PBXContainerItemProxy */ = {
			isa = PBXContainerItemProxy;
			containerPortal = F80E08CD2056B04E00DDFF93 /* Project object */;
			proxyType = 1;
			remoteGlobalIDString = F80E08D42056B04E00DDFF93;
			remoteInfo = imageView;
		};
		F80E08F52056B04F00DDFF93 /* PBXContainerItemProxy */ = {
			isa = PBXContainerItemProxy;
			containerPortal = F80E08CD2056B04E00DDFF93 /* Project object */;
			proxyType = 1;
			remoteGlobalIDString = F80E08D42056B04E00DDFF93;
			remoteInfo = imageView;
		};
/* End PBXContainerItemProxy section */

/* Begin PBXFileReference section */
		F80E08D52056B04E00DDFF93 /* imageView.app */ = {isa = PBXFileReference; explicitFileType = wrapper.application; includeInIndex = 0; path = imageView.app; sourceTree = BUILT_PRODUCTS_DIR; };
		F80E08D82056B04E00DDFF93 /* AppDelegate.swift */ = {isa = PBXFileReference; lastKnownFileType = sourcecode.swift; path = AppDelegate.swift; sourceTree = "<group>"; };
		F80E08DA2056B04E00DDFF93 /* ViewController.swift */ = {isa = PBXFileReference; lastKnownFileType = sourcecode.swift; path = ViewController.swift; sourceTree = "<group>"; };
		F80E08DD2056B04E00DDFF93 /* Base */ = {isa = PBXFileReference; lastKnownFileType = file.storyboard; name = Base; path = Base.lproj/Main.storyboard; sourceTree = "<group>"; };
		F80E08DF2056B04E00DDFF93 /* Assets.xcassets */ = {isa = PBXFileReference; lastKnownFileType = folder.assetcatalog; path = Assets.xcassets; sourceTree = "<group>"; };
		F80E08E22056B04E00DDFF93 /* Base */ = {isa = PBXFileReference; lastKnownFileType = file.storyboard; name = Base; path = Base.lproj/LaunchScreen.storyboard; sourceTree = "<group>"; };
		F80E08E42056B04E00DDFF93 /* Info.plist */ = {isa = PBXFileReference; lastKnownFileType = text.plist.xml; path = Info.plist; sourceTree = "<group>"; };
		F80E08E92056B04F00DDFF93 /* imageViewTests.xctest */ = {isa = PBXFileReference; explicitFileType = wrapper.cfbundle; includeInIndex = 0; path = imageViewTests.xctest; sourceTree = BUILT_PRODUCTS_DIR; };
		F80E08ED2056B04F00DDFF93 /* imageViewTests.swift */ = {isa = PBXFileReference; lastKnownFileType = sourcecode.swift; path = imageViewTests.swift; sourceTree = "<group>"; };
		F80E08EF2056B04F00DDFF93 /* Info.plist */ = {isa = PBXFileReference; lastKnownFileType = text.plist.xml; path = Info.plist; sourceTree = "<group>"; };
		F80E08F42056B04F00DDFF93 /* imageViewUITests.xctest */ = {isa = PBXFileReference; explicitFileType = wrapper.cfbundle; includeInIndex = 0; path = imageViewUITests.xctest; sourceTree = BUILT_PRODUCTS_DIR; };
		F80E08F82056B04F00DDFF93 /* imageViewUITests.swift */ = {isa = PBXFileReference; lastKnownFileType = sourcecode.swift; path = imageViewUITests.swift; sourceTree = "<group>"; };
		F80E08FA2056B04F00DDFF93 /* Info.plist */ = {isa = PBXFileReference; lastKnownFileType = text.plist.xml; path = Info.plist; sourceTree = "<group>"; };
/* End PBXFileReference section */

/* Begin PBXFrameworksBuildPhase section */
		F80E08D22056B04E00DDFF93 /* Frameworks */ = {
			isa = PBXFrameworksBuildPhase;
			buildActionMask = 2147483647;
			files = (
			);
			runOnlyForDeploymentPostprocessing = 0;
		};
		F80E08E62056B04F00DDFF93 /* Frameworks */ = {
			isa = PBXFrameworksBuildPhase;
			buildActionMask = 2147483647;
			files = (
			);
			runOnlyForDeploymentPostprocessing = 0;
		};
		F80E08F12056B04F00DDFF93 /* Frameworks */ = {
			isa = PBXFrameworksBuildPhase;
			buildActionMask = 2147483647;
			files = (
			);
			runOnlyForDeploymentPostprocessing = 0;
		};
/* End PBXFrameworksBuildPhase section */

/* Begin PBXGroup section */
		F80E08CC2056B04E00DDFF93 = {
			isa = PBXGroup;
			children = (
				F80E08D72056B04E00DDFF93 /* imageView */,
				F80E08EC2056B04F00DDFF93 /* imageViewTests */,
				F80E08F72056B04F00DDFF93 /* imageViewUITests */,
				F80E08D62056B04E00DDFF93 /* Products */,
			);
			sourceTree = "<group>";
		};
		F80E08D62056B04E00DDFF93 /* Products */ = {
			isa = PBXGroup;
			children = (
				F80E08D52056B04E00DDFF93 /* imageView.app */,
				F80E08E92056B04F00DDFF93 /* imageViewTests.xctest */,
				F80E08F42056B04F00DDFF93 /* imageViewUITests.xctest */,
			);
			name = Products;
			sourceTree = "<group>";
		};
		F80E08D72056B04E00DDFF93 /* imageView */ = {
			isa = PBXGroup;
			children = (
				F80E08D82056B04E00DDFF93 /* AppDelegate.swift */,
				F80E08DA2056B04E00DDFF93 /* ViewController.swift */,
				F80E08DC2056B04E00DDFF93 /* Main.storyboard */,
				F80E08DF2056B04E00DDFF93 /* Assets.xcassets */,
				F80E08E12056B04E00DDFF93 /* LaunchScreen.storyboard */,
				F80E08E42056B04E00DDFF93 /* Info.plist */,
			);
			path = imageView;
			sourceTree = "<group>";
		};
		F80E08EC2056B04F00DDFF93 /* imageViewTests */ = {
			isa = PBXGroup;
			children = (
				F80E08ED2056B04F00DDFF93 /* imageViewTests.swift */,
				F80E08EF2056B04F00DDFF93 /* Info.plist */,
			);
			path = imageViewTests;
			sourceTree = "<group>";
		};
		F80E08F72056B04F00DDFF93 /* imageViewUITests */ = {
			isa = PBXGroup;
			children = (
				F80E08F82056B04F00DDFF93 /* imageViewUITests.swift */,
				F80E08FA2056B04F00DDFF93 /* Info.plist */,
			);
			path = imageViewUITests;
			sourceTree = "<group>";
		};
/* End PBXGroup section */

/* Begin PBXNativeTarget section */
		F80E08D42056B04E00DDFF93 /* imageView */ = {
			isa = PBXNativeTarget;
			buildConfigurationList = F80E08FD2056B04F00DDFF93 /* Build configuration list for PBXNativeTarget "imageView" */;
			buildPhases = (
				F80E08D12056B04E00DDFF93 /* Sources */,
				F80E08D22056B04E00DDFF93 /* Frameworks */,
				F80E08D32056B04E00DDFF93 /* Resources */,
			);
			buildRules = (
			);
			dependencies = (
			);
			name = imageView;
			productName = imageView;
			productReference = F80E08D52056B04E00DDFF93 /* imageView.app */;
			productType = "com.apple.product-type.application";
		};
		F80E08E82056B04F00DDFF93 /* imageViewTests */ = {
			isa = PBXNativeTarget;
			buildConfigurationList = F80E09002056B04F00DDFF93 /* Build configuration list for PBXNativeTarget "imageViewTests" */;
			buildPhases = (
				F80E08E52056B04F00DDFF93 /* Sources */,
				F80E08E62056B04F00DDFF93 /* Frameworks */,
				F80E08E72056B04F00DDFF93 /* Resources */,
			);
			buildRules = (
			);
			dependencies = (
				F80E08EB2056B04F00DDFF93 /* PBXTargetDependency */,
			);
			name = imageViewTests;
			productName = imageViewTests;
			productReference = F80E08E92056B04F00DDFF93 /* imageViewTests.xctest */;
			productType = "com.apple.product-type.bundle.unit-test";
		};
		F80E08F32056B04F00DDFF93 /* imageViewUITests */ = {
			isa = PBXNativeTarget;
			buildConfigurationList = F80E09032056B04F00DDFF93 /* Build configuration list for PBXNativeTarget "imageViewUITests" */;
			buildPhases = (
				F80E08F02056B04F00DDFF93 /* Sources */,
				F80E08F12056B04F00DDFF93 /* Frameworks */,
				F80E08F22056B04F00DDFF93 /* Resources */,
			);
			buildRules = (
			);
			dependencies = (
				F80E08F62056B04F00DDFF93 /* PBXTargetDependency */,
			);
			name = imageViewUITests;
			productName = imageViewUITests;
			productReference = F80E08F42056B04F00DDFF93 /* imageViewUITests.xctest */;
			productType = "com.apple.product-type.bundle.ui-testing";
		};
/* End PBXNativeTarget section */

/* Begin PBXProject section */
		F80E08CD2056B04E00DDFF93 /* Project object */ = {
			isa = PBXProject;
			attributes = {
				LastSwiftUpdateCheck = 0920;
				LastUpgradeCheck = 0920;
				ORGANIZATIONNAME = 41;
				TargetAttributes = {
					F80E08D42056B04E00DDFF93 = {
						CreatedOnToolsVersion = 9.2;
						ProvisioningStyle = Automatic;
					};
					F80E08E82056B04F00DDFF93 = {
						CreatedOnToolsVersion = 9.2;
						ProvisioningStyle = Automatic;
						TestTargetID = F80E08D42056B04E00DDFF93;
					};
					F80E08F32056B04F00DDFF93 = {
						CreatedOnToolsVersion = 9.2;
						ProvisioningStyle = Automatic;
						TestTargetID = F80E08D42056B04E00DDFF93;
					};
				};
			};
			buildConfigurationList = F80E08D02056B04E00DDFF93 /* Build configuration list for PBXProject "imageView" */;
			compatibilityVersion = "Xcode 8.0";
			developmentRegion = en;
			hasScannedForEncodings = 0;
			knownRegions = (
				en,
				Base,
			);
			mainGroup = F80E08CC2056B04E00DDFF93;
			productRefGroup = F80E08D62056B04E00DDFF93 /* Products */;
			projectDirPath = "";
			projectRoot = "";
			targets = (
				F80E08D42056B04E00DDFF93 /* imageView */,
				F80E08E82056B04F00DDFF93 /* imageViewTests */,
				F80E08F32056B04F00DDFF93 /* imageViewUITests */,
			);
		};
/* End PBXProject section */

/* Begin PBXResourcesBuildPhase section */
		F80E08D32056B04E00DDFF93 /* Resources */ = {
			isa = PBXResourcesBuildPhase;
			buildActionMask = 2147483647;
			files = (
				F80E08E32056B04E00DDFF93 /* LaunchScreen.storyboard in Resources */,
				F80E08E02056B04E00DDFF93 /* Assets.xcassets in Resources */,
				F80E08DE2056B04E00DDFF93 /* Main.storyboard in Resources */,
			);
			runOnlyForDeploymentPostprocessing = 0;
		};
		F80E08E72056B04F00DDFF93 /* Resources */ = {
			isa = PBXResourcesBuildPhase;
			buildActionMask = 2147483647;
			files = (
			);
			runOnlyForDeploymentPostprocessing = 0;
		};
		F80E08F22056B04F00DDFF93 /* Resources */ = {
			isa = PBXResourcesBuildPhase;
			buildActionMask = 2147483647;
			files = (
			);
			runOnlyForDeploymentPostprocessing = 0;
		};
/* End PBXResourcesBuildPhase section */

/* Begin PBXSourcesBuildPhase section */
		F80E08D12056B04E00DDFF93 /* Sources */ = {
			isa = PBXSourcesBuildPhase;
			buildActionMask = 2147483647;
			files = (
				F80E08DB2056B04E00DDFF93 /* ViewController.swift in Sources */,
				F80E08D92056B04E00DDFF93 /* AppDelegate.swift in Sources */,
			);
			runOnlyForDeploymentPostprocessing = 0;
		};
		F80E08E52056B04F00DDFF93 /* Sources */ = {
			isa = PBXSourcesBuildPhase;
			buildActionMask = 2147483647;
			files = (
				F80E08EE2056B04F00DDFF93 /* imageViewTests.swift in Sources */,
			);
			runOnlyForDeploymentPostprocessing = 0;
		};
		F80E08F02056B04F00DDFF93 /* Sources */ = {
			isa = PBXSourcesBuildPhase;
			buildActionMask = 2147483647;
			files = (
				F80E08F92056B04F00DDFF93 /* imageViewUITests.swift in Sources */,
			);
			runOnlyForDeploymentPostprocessing = 0;
		};
/* End PBXSourcesBuildPhase section */

/* Begin PBXTargetDependency section */
		F80E08EB2056B04F00DDFF93 /* PBXTargetDependency */ = {
			isa = PBXTargetDependency;
			target = F80E08D42056B04E00DDFF93 /* imageView */;
			targetProxy = F80E08EA2056B04F00DDFF93 /* PBXContainerItemProxy */;
		};
		F80E08F62056B04F00DDFF93 /* PBXTargetDependency */ = {
			isa = PBXTargetDependency;
			target = F80E08D42056B04E00DDFF93 /* imageView */;
			targetProxy = F80E08F52056B04F00DDFF93 /* PBXContainerItemProxy */;
		};
/* End PBXTargetDependency section */

/* Begin PBXVariantGroup section */
		F80E08DC2056B04E00DDFF93 /* Main.storyboard */ = {
			isa = PBXVariantGroup;
			children = (
				F80E08DD2056B04E00DDFF93 /* Base */,
			);
			name = Main.storyboard;
			sourceTree = "<group>";
		};
		F80E08E12056B04E00DDFF93 /* LaunchScreen.storyboard */ = {
			isa = PBXVariantGroup;
			children = (
				F80E08E22056B04E00DDFF93 /* Base */,
			);
			name = LaunchScreen.storyboard;
			sourceTree = "<group>";
		};
/* End PBXVariantGroup section */

/* Begin XCBuildConfiguration section */
		F80E08FB2056B04F00DDFF93 /* Debug */ = {
			isa = XCBuildConfiguration;
			buildSettings = {
				ALWAYS_SEARCH_USER_PATHS = NO;
				CLANG_ANALYZER_NONNULL = YES;
				CLANG_ANALYZER_NUMBER_OBJECT_CONVERSION = YES_AGGRESSIVE;
				CLANG_CXX_LANGUAGE_STANDARD = "gnu++14";
				CLANG_CXX_LIBRARY = "libc++";
				CLANG_ENABLE_MODULES = YES;
				CLANG_ENABLE_OBJC_ARC = YES;
				CLANG_WARN_BLOCK_CAPTURE_AUTORELEASING = YES;
				CLANG_WARN_BOOL_CONVERSION = YES;
				CLANG_WARN_COMMA = YES;
				CLANG_WARN_CONSTANT_CONVERSION = YES;
				CLANG_WARN_DIRECT_OBJC_ISA_USAGE = YES_ERROR;
				CLANG_WARN_DOCUMENTATION_COMMENTS = YES;
				CLANG_WARN_EMPTY_BODY = YES;
				CLANG_WARN_ENUM_CONVERSION = YES;
				CLANG_WARN_INFINITE_RECURSION = YES;
				CLANG_WARN_INT_CONVERSION = YES;
				CLANG_WARN_NON_LITERAL_NULL_CONVERSION = YES;
				CLANG_WARN_OBJC_LITERAL_CONVERSION = YES;
				CLANG_WARN_OBJC_ROOT_CLASS = YES_ERROR;
				CLANG_WARN_RANGE_LOOP_ANALYSIS = YES;
				CLANG_WARN_STRICT_PROTOTYPES = YES;
				CLANG_WARN_SUSPICIOUS_MOVE = YES;
				CLANG_WARN_UNGUARDED_AVAILABILITY = YES_AGGRESSIVE;
				CLANG_WARN_UNREACHABLE_CODE = YES;
				CLANG_WARN__DUPLICATE_METHOD_MATCH = YES;
				CODE_SIGN_IDENTITY = "iPhone Developer";
				COPY_PHASE_STRIP = NO;
				DEBUG_INFORMATION_FORMAT = dwarf;
				ENABLE_STRICT_OBJC_MSGSEND = YES;
				ENABLE_TESTABILITY = YES;
				GCC_C_LANGUAGE_STANDARD = gnu11;
				GCC_DYNAMIC_NO_PIC = NO;
				GCC_NO_COMMON_BLOCKS = YES;
				GCC_OPTIMIZATION_LEVEL = 0;
				GCC_PREPROCESSOR_DEFINITIONS = (
					"DEBUG=1",
					"$(inherited)",
				);
				GCC_WARN_64_TO_32_BIT_CONVERSION = YES;
				GCC_WARN_ABOUT_RETURN_TYPE = YES_ERROR;
				GCC_WARN_UNDECLARED_SELECTOR = YES;
				GCC_WARN_UNINITIALIZED_AUTOS = YES_AGGRESSIVE;
				GCC_WARN_UNUSED_FUNCTION = YES;
				GCC_WARN_UNUSED_VARIABLE = YES;
				IPHONEOS_DEPLOYMENT_TARGET = 11.2;
				MTL_ENABLE_DEBUG_INFO = YES;
				ONLY_ACTIVE_ARCH = YES;
				SDKROOT = iphoneos;
				SWIFT_ACTIVE_COMPILATION_CONDITIONS = DEBUG;
				SWIFT_OPTIMIZATION_LEVEL = "-Onone";
			};
			name = Debug;
		};
		F80E08FC2056B04F00DDFF93 /* Release */ = {
			isa = XCBuildConfiguration;
			buildSettings = {
				ALWAYS_SEARCH_USER_PATHS = NO;
				CLANG_ANALYZER_NONNULL = YES;
				CLANG_ANALYZER_NUMBER_OBJECT_CONVERSION = YES_AGGRESSIVE;
				CLANG_CXX_LANGUAGE_STANDARD = "gnu++14";
				CLANG_CXX_LIBRARY = "libc++";
				CLANG_ENABLE_MODULES = YES;
				CLANG_ENABLE_OBJC_ARC = YES;
				CLANG_WARN_BLOCK_CAPTURE_AUTORELEASING = YES;
				CLANG_WARN_BOOL_CONVERSION = YES;
				CLANG_WARN_COMMA = YES;
				CLANG_WARN_CONSTANT_CONVERSION = YES;
				CLANG_WARN_DIRECT_OBJC_ISA_USAGE = YES_ERROR;
				CLANG_WARN_DOCUMENTATION_COMMENTS = YES;
				CLANG_WARN_EMPTY_BODY = YES;
				CLANG_WARN_ENUM_CONVERSION = YES;
				CLANG_WARN_INFINITE_RECURSION = YES;
				CLANG_WARN_INT_CONVERSION = YES;
				CLANG_WARN_NON_LITERAL_NULL_CONVERSION = YES;
				CLANG_WARN_OBJC_LITERAL_CONVERSION = YES;
				CLANG_WARN_OBJC_ROOT_CLASS = YES_ERROR;
				CLANG_WARN_RANGE_LOOP_ANALYSIS = YES;
				CLANG_WARN_STRICT_PROTOTYPES = YES;
				CLANG_WARN_SUSPICIOUS_MOVE = YES;
				CLANG_WARN_UNGUARDED_AVAILABILITY = YES_AGGRESSIVE;
				CLANG_WARN_UNREACHABLE_CODE = YES;
				CLANG_WARN__DUPLICATE_METHOD_MATCH = YES;
				CODE_SIGN_IDENTITY = "iPhone Developer";
				COPY_PHASE_STRIP = NO;
				DEBUG_INFORMATION_FORMAT = "dwarf-with-dsym";
				ENABLE_NS_ASSERTIONS = NO;
				ENABLE_STRICT_OBJC_MSGSEND = YES;
				GCC_C_LANGUAGE_STANDARD = gnu11;
				GCC_NO_COMMON_BLOCKS = YES;
				GCC_WARN_64_TO_32_BIT_CONVERSION = YES;
				GCC_WARN_ABOUT_RETURN_TYPE = YES_ERROR;
				GCC_WARN_UNDECLARED_SELECTOR = YES;
				GCC_WARN_UNINITIALIZED_AUTOS = YES_AGGRESSIVE;
				GCC_WARN_UNUSED_FUNCTION = YES;
				GCC_WARN_UNUSED_VARIABLE = YES;
				IPHONEOS_DEPLOYMENT_TARGET = 11.2;
				MTL_ENABLE_DEBUG_INFO = NO;
				SDKROOT = iphoneos;
				SWIFT_OPTIMIZATION_LEVEL = "-Owholemodule";
				VALIDATE_PRODUCT = YES;
			};
			name = Release;
		};
		F80E08FE2056B04F00DDFF93 /* Debug */ = {
			isa = XCBuildConfiguration;
			buildSettings = {
				ASSETCATALOG_COMPILER_APPICON_NAME = AppIcon;
				CODE_SIGN_STYLE = Automatic;
				DEVELOPMENT_TEAM = RP4H9HU9UN;
				INFOPLIST_FILE = imageView/Info.plist;
				LD_RUNPATH_SEARCH_PATHS = "$(inherited) @executable_path/Frameworks";
				PRODUCT_BUNDLE_IDENTIFIER = yangfourone.imageView;
				PRODUCT_NAME = "$(TARGET_NAME)";
				SWIFT_VERSION = 4.0;
				TARGETED_DEVICE_FAMILY = "1,2";
			};
			name = Debug;
		};
		F80E08FF2056B04F00DDFF93 /* Release */ = {
			isa = XCBuildConfiguration;
			buildSettings = {
				ASSETCATALOG_COMPILER_APPICON_NAME = AppIcon;
				CODE_SIGN_STYLE = Automatic;
				DEVELOPMENT_TEAM = RP4H9HU9UN;
				INFOPLIST_FILE = imageView/Info.plist;
				LD_RUNPATH_SEARCH_PATHS = "$(inherited) @executable_path/Frameworks";
				PRODUCT_BUNDLE_IDENTIFIER = yangfourone.imageView;
				PRODUCT_NAME = "$(TARGET_NAME)";
				SWIFT_VERSION = 4.0;
				TARGETED_DEVICE_FAMILY = "1,2";
			};
			name = Release;
		};
		F80E09012056B04F00DDFF93 /* Debug */ = {
			isa = XCBuildConfiguration;
			buildSettings = {
				ALWAYS_EMBED_SWIFT_STANDARD_LIBRARIES = YES;
				BUNDLE_LOADER = "$(TEST_HOST)";
				CODE_SIGN_STYLE = Automatic;
				DEVELOPMENT_TEAM = RP4H9HU9UN;
				INFOPLIST_FILE = imageViewTests/Info.plist;
				LD_RUNPATH_SEARCH_PATHS = "$(inherited) @executable_path/Frameworks @loader_path/Frameworks";
				PRODUCT_BUNDLE_IDENTIFIER = yangfourone.imageViewTests;
				PRODUCT_NAME = "$(TARGET_NAME)";
				SWIFT_VERSION = 4.0;
				TARGETED_DEVICE_FAMILY = "1,2";
				TEST_HOST = "$(BUILT_PRODUCTS_DIR)/imageView.app/imageView";
			};
			name = Debug;
		};
		F80E09022056B04F00DDFF93 /* Release */ = {
			isa = XCBuildConfiguration;
			buildSettings = {
				ALWAYS_EMBED_SWIFT_STANDARD_LIBRARIES = YES;
				BUNDLE_LOADER = "$(TEST_HOST)";
				CODE_SIGN_STYLE = Automatic;
				DEVELOPMENT_TEAM = RP4H9HU9UN;
				INFOPLIST_FILE = imageViewTests/Info.plist;
				LD_RUNPATH_SEARCH_PATHS = "$(inherited) @executable_path/Frameworks @loader_path/Frameworks";
				PRODUCT_BUNDLE_IDENTIFIER = yangfourone.imageViewTests;
				PRODUCT_NAME = "$(TARGET_NAME)";
				SWIFT_VERSION = 4.0;
				TARGETED_DEVICE_FAMILY = "1,2";
				TEST_HOST = "$(BUILT_PRODUCTS_DIR)/imageView.app/imageView";
			};
			name = Release;
		};
		F80E09042056B04F00DDFF93 /* Debug */ = {
			isa = XCBuildConfiguration;
			buildSettings = {
				ALWAYS_EMBED_SWIFT_STANDARD_LIBRARIES = YES;
				CODE_SIGN_STYLE = Automatic;
				DEVELOPMENT_TEAM = RP4H9HU9UN;
				INFOPLIST_FILE = imageViewUITests/Info.plist;
				LD_RUNPATH_SEARCH_PATHS = "$(inherited) @executable_path/Frameworks @loader_path/Frameworks";
				PRODUCT_BUNDLE_IDENTIFIER = yangfourone.imageViewUITests;
				PRODUCT_NAME = "$(TARGET_NAME)";
				SWIFT_VERSION = 4.0;
				TARGETED_DEVICE_FAMILY = "1,2";
				TEST_TARGET_NAME = imageView;
			};
			name = Debug;
		};
		F80E09052056B04F00DDFF93 /* Release */ = {
			isa = XCBuildConfiguration;
			buildSettings = {
				ALWAYS_EMBED_SWIFT_STANDARD_LIBRARIES = YES;
				CODE_SIGN_STYLE = Automatic;
				DEVELOPMENT_TEAM = RP4H9HU9UN;
				INFOPLIST_FILE = imageViewUITests/Info.plist;
				LD_RUNPATH_SEARCH_PATHS = "$(inherited) @executable_path/Frameworks @loader_path/Frameworks";
				PRODUCT_BUNDLE_IDENTIFIER = yangfourone.imageViewUITests;
				PRODUCT_NAME = "$(TARGET_NAME)";
				SWIFT_VERSION = 4.0;
				TARGETED_DEVICE_FAMILY = "1,2";
				TEST_TARGET_NAME = imageView;
			};
			name = Release;
		};
/* End XCBuildConfiguration section */

/* Begin XCConfigurationList section */
		F80E08D02056B04E00DDFF93 /* Build configuration list for PBXProject "imageView" */ = {
			isa = XCConfigurationList;
			buildConfigurations = (
				F80E08FB2056B04F00DDFF93 /* Debug */,
				F80E08FC2056B04F00DDFF93 /* Release */,
			);
			defaultConfigurationIsVisible = 0;
			defaultConfigurationName = Release;
		};
		F80E08FD2056B04F00DDFF93 /* Build configuration list for PBXNativeTarget "imageView" */ = {
			isa = XCConfigurationList;
			buildConfigurations = (
				F80E08FE2056B04F00DDFF93 /* Debug */,
				F80E08FF2056B04F00DDFF93 /* Release */,
			);
			defaultConfigurationIsVisible = 0;
			defaultConfigurationName = Release;
		};
		F80E09002056B04F00DDFF93 /* Build configuration list for PBXNativeTarget "imageViewTests" */ = {
			isa = XCConfigurationList;
			buildConfigurations = (
				F80E09012056B04F00DDFF93 /* Debug */,
				F80E09022056B04F00DDFF93 /* Release */,
			);
			defaultConfigurationIsVisible = 0;
			defaultConfigurationName = Release;
		};
		F80E09032056B04F00DDFF93 /* Build configuration list for PBXNativeTarget "imageViewUITests" */ = {
			isa = XCConfigurationList;
			buildConfigurations = (
				F80E09042056B04F00DDFF93 /* Debug */,
				F80E09052056B04F00DDFF93 /* Release */,
			);
			defaultConfigurationIsVisible = 0;
			defaultConfigurationName = Release;
		};
/* End XCConfigurationList section */
	};
	rootObject = F80E08CD2056B04E00DDFF93 /* Project object */;
}
