// !$*UTF8*$!
{
	archiveVersion = 1;
	classes = {
	};
	objectVersion = 48;
	objects = {

/* Begin PBXBuildFile section */
		F85626972030BB35002D441E /* AppDelegate.swift in Sources */ = {isa = PBXBuildFile; fileRef = F85626962030BB35002D441E /* AppDelegate.swift */; };
		F85626992030BB35002D441E /* ViewController.swift in Sources */ = {isa = PBXBuildFile; fileRef = F85626982030BB35002D441E /* ViewController.swift */; };
		F856269C2030BB35002D441E /* Main.storyboard in Resources */ = {isa = PBXBuildFile; fileRef = F856269A2030BB35002D441E /* Main.storyboard */; };
		F856269E2030BB35002D441E /* Assets.xcassets in Resources */ = {isa = PBXBuildFile; fileRef = F856269D2030BB35002D441E /* Assets.xcassets */; };
		F85626A12030BB35002D441E /* LaunchScreen.storyboard in Resources */ = {isa = PBXBuildFile; fileRef = F856269F2030BB35002D441E /* LaunchScreen.storyboard */; };
		F85626AC2030BB36002D441E /* HelloWorldTests.swift in Sources */ = {isa = PBXBuildFile; fileRef = F85626AB2030BB36002D441E /* HelloWorldTests.swift */; };
		F85626B72030BB36002D441E /* HelloWorldUITests.swift in Sources */ = {isa = PBXBuildFile; fileRef = F85626B62030BB36002D441E /* HelloWorldUITests.swift */; };
/* End PBXBuildFile section */

/* Begin PBXContainerItemProxy section */
		F85626A82030BB36002D441E /* PBXContainerItemProxy */ = {
			isa = PBXContainerItemProxy;
			containerPortal = F856268B2030BB35002D441E /* Project object */;
			proxyType = 1;
			remoteGlobalIDString = F85626922030BB35002D441E;
			remoteInfo = HelloWorld;
		};
		F85626B32030BB36002D441E /* PBXContainerItemProxy */ = {
			isa = PBXContainerItemProxy;
			containerPortal = F856268B2030BB35002D441E /* Project object */;
			proxyType = 1;
			remoteGlobalIDString = F85626922030BB35002D441E;
			remoteInfo = HelloWorld;
		};
/* End PBXContainerItemProxy section */

/* Begin PBXFileReference section */
		F85626932030BB35002D441E /* HelloWorld.app */ = {isa = PBXFileReference; explicitFileType = wrapper.application; includeInIndex = 0; path = HelloWorld.app; sourceTree = BUILT_PRODUCTS_DIR; };
		F85626962030BB35002D441E /* AppDelegate.swift */ = {isa = PBXFileReference; lastKnownFileType = sourcecode.swift; path = AppDelegate.swift; sourceTree = "<group>"; };
		F85626982030BB35002D441E /* ViewController.swift */ = {isa = PBXFileReference; lastKnownFileType = sourcecode.swift; path = ViewController.swift; sourceTree = "<group>"; };
		F856269B2030BB35002D441E /* Base */ = {isa = PBXFileReference; lastKnownFileType = file.storyboard; name = Base; path = Base.lproj/Main.storyboard; sourceTree = "<group>"; };
		F856269D2030BB35002D441E /* Assets.xcassets */ = {isa = PBXFileReference; lastKnownFileType = folder.assetcatalog; path = Assets.xcassets; sourceTree = "<group>"; };
		F85626A02030BB35002D441E /* Base */ = {isa = PBXFileReference; lastKnownFileType = file.storyboard; name = Base; path = Base.lproj/LaunchScreen.storyboard; sourceTree = "<group>"; };
		F85626A22030BB35002D441E /* Info.plist */ = {isa = PBXFileReference; lastKnownFileType = text.plist.xml; path = Info.plist; sourceTree = "<group>"; };
		F85626A72030BB36002D441E /* HelloWorldTests.xctest */ = {isa = PBXFileReference; explicitFileType = wrapper.cfbundle; includeInIndex = 0; path = HelloWorldTests.xctest; sourceTree = BUILT_PRODUCTS_DIR; };
		F85626AB2030BB36002D441E /* HelloWorldTests.swift */ = {isa = PBXFileReference; lastKnownFileType = sourcecode.swift; path = HelloWorldTests.swift; sourceTree = "<group>"; };
		F85626AD2030BB36002D441E /* Info.plist */ = {isa = PBXFileReference; lastKnownFileType = text.plist.xml; path = Info.plist; sourceTree = "<group>"; };
		F85626B22030BB36002D441E /* HelloWorldUITests.xctest */ = {isa = PBXFileReference; explicitFileType = wrapper.cfbundle; includeInIndex = 0; path = HelloWorldUITests.xctest; sourceTree = BUILT_PRODUCTS_DIR; };
		F85626B62030BB36002D441E /* HelloWorldUITests.swift */ = {isa = PBXFileReference; lastKnownFileType = sourcecode.swift; path = HelloWorldUITests.swift; sourceTree = "<group>"; };
		F85626B82030BB36002D441E /* Info.plist */ = {isa = PBXFileReference; lastKnownFileType = text.plist.xml; path = Info.plist; sourceTree = "<group>"; };
/* End PBXFileReference section */

/* Begin PBXFrameworksBuildPhase section */
		F85626902030BB35002D441E /* Frameworks */ = {
			isa = PBXFrameworksBuildPhase;
			buildActionMask = 2147483647;
			files = (
			);
			runOnlyForDeploymentPostprocessing = 0;
		};
		F85626A42030BB36002D441E /* Frameworks */ = {
			isa = PBXFrameworksBuildPhase;
			buildActionMask = 2147483647;
			files = (
			);
			runOnlyForDeploymentPostprocessing = 0;
		};
		F85626AF2030BB36002D441E /* Frameworks */ = {
			isa = PBXFrameworksBuildPhase;
			buildActionMask = 2147483647;
			files = (
			);
			runOnlyForDeploymentPostprocessing = 0;
		};
/* End PBXFrameworksBuildPhase section */

/* Begin PBXGroup section */
		F856268A2030BB35002D441E = {
			isa = PBXGroup;
			children = (
				F85626952030BB35002D441E /* HelloWorld */,
				F85626AA2030BB36002D441E /* HelloWorldTests */,
				F85626B52030BB36002D441E /* HelloWorldUITests */,
				F85626942030BB35002D441E /* Products */,
			);
			sourceTree = "<group>";
		};
		F85626942030BB35002D441E /* Products */ = {
			isa = PBXGroup;
			children = (
				F85626932030BB35002D441E /* HelloWorld.app */,
				F85626A72030BB36002D441E /* HelloWorldTests.xctest */,
				F85626B22030BB36002D441E /* HelloWorldUITests.xctest */,
			);
			name = Products;
			sourceTree = "<group>";
		};
		F85626952030BB35002D441E /* HelloWorld */ = {
			isa = PBXGroup;
			children = (
				F85626962030BB35002D441E /* AppDelegate.swift */,
				F85626982030BB35002D441E /* ViewController.swift */,
				F856269A2030BB35002D441E /* Main.storyboard */,
				F856269D2030BB35002D441E /* Assets.xcassets */,
				F856269F2030BB35002D441E /* LaunchScreen.storyboard */,
				F85626A22030BB35002D441E /* Info.plist */,
			);
			path = HelloWorld;
			sourceTree = "<group>";
		};
		F85626AA2030BB36002D441E /* HelloWorldTests */ = {
			isa = PBXGroup;
			children = (
				F85626AB2030BB36002D441E /* HelloWorldTests.swift */,
				F85626AD2030BB36002D441E /* Info.plist */,
			);
			path = HelloWorldTests;
			sourceTree = "<group>";
		};
		F85626B52030BB36002D441E /* HelloWorldUITests */ = {
			isa = PBXGroup;
			children = (
				F85626B62030BB36002D441E /* HelloWorldUITests.swift */,
				F85626B82030BB36002D441E /* Info.plist */,
			);
			path = HelloWorldUITests;
			sourceTree = "<group>";
		};
/* End PBXGroup section */

/* Begin PBXNativeTarget section */
		F85626922030BB35002D441E /* HelloWorld */ = {
			isa = PBXNativeTarget;
			buildConfigurationList = F85626BB2030BB36002D441E /* Build configuration list for PBXNativeTarget "HelloWorld" */;
			buildPhases = (
				F856268F2030BB35002D441E /* Sources */,
				F85626902030BB35002D441E /* Frameworks */,
				F85626912030BB35002D441E /* Resources */,
			);
			buildRules = (
			);
			dependencies = (
			);
			name = HelloWorld;
			productName = HelloWorld;
			productReference = F85626932030BB35002D441E /* HelloWorld.app */;
			productType = "com.apple.product-type.application";
		};
		F85626A62030BB36002D441E /* HelloWorldTests */ = {
			isa = PBXNativeTarget;
			buildConfigurationList = F85626BE2030BB36002D441E /* Build configuration list for PBXNativeTarget "HelloWorldTests" */;
			buildPhases = (
				F85626A32030BB36002D441E /* Sources */,
				F85626A42030BB36002D441E /* Frameworks */,
				F85626A52030BB36002D441E /* Resources */,
			);
			buildRules = (
			);
			dependencies = (
				F85626A92030BB36002D441E /* PBXTargetDependency */,
			);
			name = HelloWorldTests;
			productName = HelloWorldTests;
			productReference = F85626A72030BB36002D441E /* HelloWorldTests.xctest */;
			productType = "com.apple.product-type.bundle.unit-test";
		};
		F85626B12030BB36002D441E /* HelloWorldUITests */ = {
			isa = PBXNativeTarget;
			buildConfigurationList = F85626C12030BB36002D441E /* Build configuration list for PBXNativeTarget "HelloWorldUITests" */;
			buildPhases = (
				F85626AE2030BB36002D441E /* Sources */,
				F85626AF2030BB36002D441E /* Frameworks */,
				F85626B02030BB36002D441E /* Resources */,
			);
			buildRules = (
			);
			dependencies = (
				F85626B42030BB36002D441E /* PBXTargetDependency */,
			);
			name = HelloWorldUITests;
			productName = HelloWorldUITests;
			productReference = F85626B22030BB36002D441E /* HelloWorldUITests.xctest */;
			productType = "com.apple.product-type.bundle.ui-testing";
		};
/* End PBXNativeTarget section */

/* Begin PBXProject section */
		F856268B2030BB35002D441E /* Project object */ = {
			isa = PBXProject;
			attributes = {
				LastSwiftUpdateCheck = 0920;
				LastUpgradeCheck = 0920;
				ORGANIZATIONNAME = 41;
				TargetAttributes = {
					F85626922030BB35002D441E = {
						CreatedOnToolsVersion = 9.2;
						ProvisioningStyle = Automatic;
					};
					F85626A62030BB36002D441E = {
						CreatedOnToolsVersion = 9.2;
						ProvisioningStyle = Automatic;
						TestTargetID = F85626922030BB35002D441E;
					};
					F85626B12030BB36002D441E = {
						CreatedOnToolsVersion = 9.2;
						ProvisioningStyle = Automatic;
						TestTargetID = F85626922030BB35002D441E;
					};
				};
			};
			buildConfigurationList = F856268E2030BB35002D441E /* Build configuration list for PBXProject "HelloWorld" */;
			compatibilityVersion = "Xcode 8.0";
			developmentRegion = en;
			hasScannedForEncodings = 0;
			knownRegions = (
				en,
				Base,
			);
			mainGroup = F856268A2030BB35002D441E;
			productRefGroup = F85626942030BB35002D441E /* Products */;
			projectDirPath = "";
			projectRoot = "";
			targets = (
				F85626922030BB35002D441E /* HelloWorld */,
				F85626A62030BB36002D441E /* HelloWorldTests */,
				F85626B12030BB36002D441E /* HelloWorldUITests */,
			);
		};
/* End PBXProject section */

/* Begin PBXResourcesBuildPhase section */
		F85626912030BB35002D441E /* Resources */ = {
			isa = PBXResourcesBuildPhase;
			buildActionMask = 2147483647;
			files = (
				F85626A12030BB35002D441E /* LaunchScreen.storyboard in Resources */,
				F856269E2030BB35002D441E /* Assets.xcassets in Resources */,
				F856269C2030BB35002D441E /* Main.storyboard in Resources */,
			);
			runOnlyForDeploymentPostprocessing = 0;
		};
		F85626A52030BB36002D441E /* Resources */ = {
			isa = PBXResourcesBuildPhase;
			buildActionMask = 2147483647;
			files = (
			);
			runOnlyForDeploymentPostprocessing = 0;
		};
		F85626B02030BB36002D441E /* Resources */ = {
			isa = PBXResourcesBuildPhase;
			buildActionMask = 2147483647;
			files = (
			);
			runOnlyForDeploymentPostprocessing = 0;
		};
/* End PBXResourcesBuildPhase section */

/* Begin PBXSourcesBuildPhase section */
		F856268F2030BB35002D441E /* Sources */ = {
			isa = PBXSourcesBuildPhase;
			buildActionMask = 2147483647;
			files = (
				F85626992030BB35002D441E /* ViewController.swift in Sources */,
				F85626972030BB35002D441E /* AppDelegate.swift in Sources */,
			);
			runOnlyForDeploymentPostprocessing = 0;
		};
		F85626A32030BB36002D441E /* Sources */ = {
			isa = PBXSourcesBuildPhase;
			buildActionMask = 2147483647;
			files = (
				F85626AC2030BB36002D441E /* HelloWorldTests.swift in Sources */,
			);
			runOnlyForDeploymentPostprocessing = 0;
		};
		F85626AE2030BB36002D441E /* Sources */ = {
			isa = PBXSourcesBuildPhase;
			buildActionMask = 2147483647;
			files = (
				F85626B72030BB36002D441E /* HelloWorldUITests.swift in Sources */,
			);
			runOnlyForDeploymentPostprocessing = 0;
		};
/* End PBXSourcesBuildPhase section */

/* Begin PBXTargetDependency section */
		F85626A92030BB36002D441E /* PBXTargetDependency */ = {
			isa = PBXTargetDependency;
			target = F85626922030BB35002D441E /* HelloWorld */;
			targetProxy = F85626A82030BB36002D441E /* PBXContainerItemProxy */;
		};
		F85626B42030BB36002D441E /* PBXTargetDependency */ = {
			isa = PBXTargetDependency;
			target = F85626922030BB35002D441E /* HelloWorld */;
			targetProxy = F85626B32030BB36002D441E /* PBXContainerItemProxy */;
		};
/* End PBXTargetDependency section */

/* Begin PBXVariantGroup section */
		F856269A2030BB35002D441E /* Main.storyboard */ = {
			isa = PBXVariantGroup;
			children = (
				F856269B2030BB35002D441E /* Base */,
			);
			name = Main.storyboard;
			sourceTree = "<group>";
		};
		F856269F2030BB35002D441E /* LaunchScreen.storyboard */ = {
			isa = PBXVariantGroup;
			children = (
				F85626A02030BB35002D441E /* Base */,
			);
			name = LaunchScreen.storyboard;
			sourceTree = "<group>";
		};
/* End PBXVariantGroup section */

/* Begin XCBuildConfiguration section */
		F85626B92030BB36002D441E /* Debug */ = {
			isa = XCBuildConfiguration;
			buildSettings = {
				ALWAYS_SEARCH_USER_PATHS = NO;
				CLANG_ANALYZER_NONNULL = YES;
				CLANG_ANALYZER_NUMBER_OBJECT_CONVERSION = YES_AGGRESSIVE;
				CLANG_CXX_LANGUAGE_STANDARD = "gnu++14";
				CLANG_CXX_LIBRARY = "libc++";
				CLANG_ENABLE_MODULES = YES;
				CLANG_ENABLE_OBJC_ARC = YES;
				CLANG_WARN_BLOCK_CAPTURE_AUTORELEASING = YES;
				CLANG_WARN_BOOL_CONVERSION = YES;
				CLANG_WARN_COMMA = YES;
				CLANG_WARN_CONSTANT_CONVERSION = YES;
				CLANG_WARN_DIRECT_OBJC_ISA_USAGE = YES_ERROR;
				CLANG_WARN_DOCUMENTATION_COMMENTS = YES;
				CLANG_WARN_EMPTY_BODY = YES;
				CLANG_WARN_ENUM_CONVERSION = YES;
				CLANG_WARN_INFINITE_RECURSION = YES;
				CLANG_WARN_INT_CONVERSION = YES;
				CLANG_WARN_NON_LITERAL_NULL_CONVERSION = YES;
				CLANG_WARN_OBJC_LITERAL_CONVERSION = YES;
				CLANG_WARN_OBJC_ROOT_CLASS = YES_ERROR;
				CLANG_WARN_RANGE_LOOP_ANALYSIS = YES;
				CLANG_WARN_STRICT_PROTOTYPES = YES;
				CLANG_WARN_SUSPICIOUS_MOVE = YES;
				CLANG_WARN_UNGUARDED_AVAILABILITY = YES_AGGRESSIVE;
				CLANG_WARN_UNREACHABLE_CODE = YES;
				CLANG_WARN__DUPLICATE_METHOD_MATCH = YES;
				CODE_SIGN_IDENTITY = "iPhone Developer";
				COPY_PHASE_STRIP = NO;
				DEBUG_INFORMATION_FORMAT = dwarf;
				ENABLE_STRICT_OBJC_MSGSEND = YES;
				ENABLE_TESTABILITY = YES;
				GCC_C_LANGUAGE_STANDARD = gnu11;
				GCC_DYNAMIC_NO_PIC = NO;
				GCC_NO_COMMON_BLOCKS = YES;
				GCC_OPTIMIZATION_LEVEL = 0;
				GCC_PREPROCESSOR_DEFINITIONS = (
					"DEBUG=1",
					"$(inherited)",
				);
				GCC_WARN_64_TO_32_BIT_CONVERSION = YES;
				GCC_WARN_ABOUT_RETURN_TYPE = YES_ERROR;
				GCC_WARN_UNDECLARED_SELECTOR = YES;
				GCC_WARN_UNINITIALIZED_AUTOS = YES_AGGRESSIVE;
				GCC_WARN_UNUSED_FUNCTION = YES;
				GCC_WARN_UNUSED_VARIABLE = YES;
				IPHONEOS_DEPLOYMENT_TARGET = 11.2;
				MTL_ENABLE_DEBUG_INFO = YES;
				ONLY_ACTIVE_ARCH = YES;
				SDKROOT = iphoneos;
				SWIFT_ACTIVE_COMPILATION_CONDITIONS = DEBUG;
				SWIFT_OPTIMIZATION_LEVEL = "-Onone";
			};
			name = Debug;
		};
		F85626BA2030BB36002D441E /* Release */ = {
			isa = XCBuildConfiguration;
			buildSettings = {
				ALWAYS_SEARCH_USER_PATHS = NO;
				CLANG_ANALYZER_NONNULL = YES;
				CLANG_ANALYZER_NUMBER_OBJECT_CONVERSION = YES_AGGRESSIVE;
				CLANG_CXX_LANGUAGE_STANDARD = "gnu++14";
				CLANG_CXX_LIBRARY = "libc++";
				CLANG_ENABLE_MODULES = YES;
				CLANG_ENABLE_OBJC_ARC = YES;
				CLANG_WARN_BLOCK_CAPTURE_AUTORELEASING = YES;
				CLANG_WARN_BOOL_CONVERSION = YES;
				CLANG_WARN_COMMA = YES;
				CLANG_WARN_CONSTANT_CONVERSION = YES;
				CLANG_WARN_DIRECT_OBJC_ISA_USAGE = YES_ERROR;
				CLANG_WARN_DOCUMENTATION_COMMENTS = YES;
				CLANG_WARN_EMPTY_BODY = YES;
				CLANG_WARN_ENUM_CONVERSION = YES;
				CLANG_WARN_INFINITE_RECURSION = YES;
				CLANG_WARN_INT_CONVERSION = YES;
				CLANG_WARN_NON_LITERAL_NULL_CONVERSION = YES;
				CLANG_WARN_OBJC_LITERAL_CONVERSION = YES;
				CLANG_WARN_OBJC_ROOT_CLASS = YES_ERROR;
				CLANG_WARN_RANGE_LOOP_ANALYSIS = YES;
				CLANG_WARN_STRICT_PROTOTYPES = YES;
				CLANG_WARN_SUSPICIOUS_MOVE = YES;
				CLANG_WARN_UNGUARDED_AVAILABILITY = YES_AGGRESSIVE;
				CLANG_WARN_UNREACHABLE_CODE = YES;
				CLANG_WARN__DUPLICATE_METHOD_MATCH = YES;
				CODE_SIGN_IDENTITY = "iPhone Developer";
				COPY_PHASE_STRIP = NO;
				DEBUG_INFORMATION_FORMAT = "dwarf-with-dsym";
				ENABLE_NS_ASSERTIONS = NO;
				ENABLE_STRICT_OBJC_MSGSEND = YES;
				GCC_C_LANGUAGE_STANDARD = gnu11;
				GCC_NO_COMMON_BLOCKS = YES;
				GCC_WARN_64_TO_32_BIT_CONVERSION = YES;
				GCC_WARN_ABOUT_RETURN_TYPE = YES_ERROR;
				GCC_WARN_UNDECLARED_SELECTOR = YES;
				GCC_WARN_UNINITIALIZED_AUTOS = YES_AGGRESSIVE;
				GCC_WARN_UNUSED_FUNCTION = YES;
				GCC_WARN_UNUSED_VARIABLE = YES;
				IPHONEOS_DEPLOYMENT_TARGET = 11.2;
				MTL_ENABLE_DEBUG_INFO = NO;
				SDKROOT = iphoneos;
				SWIFT_OPTIMIZATION_LEVEL = "-Owholemodule";
				VALIDATE_PRODUCT = YES;
			};
			name = Release;
		};
		F85626BC2030BB36002D441E /* Debug */ = {
			isa = XCBuildConfiguration;
			buildSettings = {
				ASSETCATALOG_COMPILER_APPICON_NAME = AppIcon;
				CODE_SIGN_STYLE = Automatic;
				DEVELOPMENT_TEAM = RP4H9HU9UN;
				INFOPLIST_FILE = HelloWorld/Info.plist;
				IPHONEOS_DEPLOYMENT_TARGET = 11.4;
				LD_RUNPATH_SEARCH_PATHS = "$(inherited) @executable_path/Frameworks";
				PRODUCT_BUNDLE_IDENTIFIER = yangfourone.HelloWorld;
				PRODUCT_NAME = "$(TARGET_NAME)";
				SWIFT_VERSION = 4.0;
				TARGETED_DEVICE_FAMILY = "1,2";
			};
			name = Debug;
		};
		F85626BD2030BB36002D441E /* Release */ = {
			isa = XCBuildConfiguration;
			buildSettings = {
				ASSETCATALOG_COMPILER_APPICON_NAME = AppIcon;
				CODE_SIGN_STYLE = Automatic;
				DEVELOPMENT_TEAM = RP4H9HU9UN;
				INFOPLIST_FILE = HelloWorld/Info.plist;
				IPHONEOS_DEPLOYMENT_TARGET = 11.4;
				LD_RUNPATH_SEARCH_PATHS = "$(inherited) @executable_path/Frameworks";
				PRODUCT_BUNDLE_IDENTIFIER = yangfourone.HelloWorld;
				PRODUCT_NAME = "$(TARGET_NAME)";
				SWIFT_VERSION = 4.0;
				TARGETED_DEVICE_FAMILY = "1,2";
			};
			name = Release;
		};
		F85626BF2030BB36002D441E /* Debug */ = {
			isa = XCBuildConfiguration;
			buildSettings = {
				ALWAYS_EMBED_SWIFT_STANDARD_LIBRARIES = YES;
				BUNDLE_LOADER = "$(TEST_HOST)";
				CODE_SIGN_STYLE = Automatic;
				DEVELOPMENT_TEAM = RP4H9HU9UN;
				INFOPLIST_FILE = HelloWorldTests/Info.plist;
				LD_RUNPATH_SEARCH_PATHS = "$(inherited) @executable_path/Frameworks @loader_path/Frameworks";
				PRODUCT_BUNDLE_IDENTIFIER = yangfourone.HelloWorldTests;
				PRODUCT_NAME = "$(TARGET_NAME)";
				SWIFT_VERSION = 4.0;
				TARGETED_DEVICE_FAMILY = "1,2";
				TEST_HOST = "$(BUILT_PRODUCTS_DIR)/HelloWorld.app/HelloWorld";
			};
			name = Debug;
		};
		F85626C02030BB36002D441E /* Release */ = {
			isa = XCBuildConfiguration;
			buildSettings = {
				ALWAYS_EMBED_SWIFT_STANDARD_LIBRARIES = YES;
				BUNDLE_LOADER = "$(TEST_HOST)";
				CODE_SIGN_STYLE = Automatic;
				DEVELOPMENT_TEAM = RP4H9HU9UN;
				INFOPLIST_FILE = HelloWorldTests/Info.plist;
				LD_RUNPATH_SEARCH_PATHS = "$(inherited) @executable_path/Frameworks @loader_path/Frameworks";
				PRODUCT_BUNDLE_IDENTIFIER = yangfourone.HelloWorldTests;
				PRODUCT_NAME = "$(TARGET_NAME)";
				SWIFT_VERSION = 4.0;
				TARGETED_DEVICE_FAMILY = "1,2";
				TEST_HOST = "$(BUILT_PRODUCTS_DIR)/HelloWorld.app/HelloWorld";
			};
			name = Release;
		};
		F85626C22030BB36002D441E /* Debug */ = {
			isa = XCBuildConfiguration;
			buildSettings = {
				ALWAYS_EMBED_SWIFT_STANDARD_LIBRARIES = YES;
				CODE_SIGN_STYLE = Automatic;
				DEVELOPMENT_TEAM = RP4H9HU9UN;
				INFOPLIST_FILE = HelloWorldUITests/Info.plist;
				LD_RUNPATH_SEARCH_PATHS = "$(inherited) @executable_path/Frameworks @loader_path/Frameworks";
				PRODUCT_BUNDLE_IDENTIFIER = yangfourone.HelloWorldUITests;
				PRODUCT_NAME = "$(TARGET_NAME)";
				SWIFT_VERSION = 4.0;
				TARGETED_DEVICE_FAMILY = "1,2";
				TEST_TARGET_NAME = HelloWorld;
			};
			name = Debug;
		};
		F85626C32030BB36002D441E /* Release */ = {
			isa = XCBuildConfiguration;
			buildSettings = {
				ALWAYS_EMBED_SWIFT_STANDARD_LIBRARIES = YES;
				CODE_SIGN_STYLE = Automatic;
				DEVELOPMENT_TEAM = RP4H9HU9UN;
				INFOPLIST_FILE = HelloWorldUITests/Info.plist;
				LD_RUNPATH_SEARCH_PATHS = "$(inherited) @executable_path/Frameworks @loader_path/Frameworks";
				PRODUCT_BUNDLE_IDENTIFIER = yangfourone.HelloWorldUITests;
				PRODUCT_NAME = "$(TARGET_NAME)";
				SWIFT_VERSION = 4.0;
				TARGETED_DEVICE_FAMILY = "1,2";
				TEST_TARGET_NAME = HelloWorld;
			};
			name = Release;
		};
/* End XCBuildConfiguration section */

/* Begin XCConfigurationList section */
		F856268E2030BB35002D441E /* Build configuration list for PBXProject "HelloWorld" */ = {
			isa = XCConfigurationList;
			buildConfigurations = (
				F85626B92030BB36002D441E /* Debug */,
				F85626BA2030BB36002D441E /* Release */,
			);
			defaultConfigurationIsVisible = 0;
			defaultConfigurationName = Release;
		};
		F85626BB2030BB36002D441E /* Build configuration list for PBXNativeTarget "HelloWorld" */ = {
			isa = XCConfigurationList;
			buildConfigurations = (
				F85626BC2030BB36002D441E /* Debug */,
				F85626BD2030BB36002D441E /* Release */,
			);
			defaultConfigurationIsVisible = 0;
			defaultConfigurationName = Release;
		};
		F85626BE2030BB36002D441E /* Build configuration list for PBXNativeTarget "HelloWorldTests" */ = {
			isa = XCConfigurationList;
			buildConfigurations = (
				F85626BF2030BB36002D441E /* Debug */,
				F85626C02030BB36002D441E /* Release */,
			);
			defaultConfigurationIsVisible = 0;
			defaultConfigurationName = Release;
		};
		F85626C12030BB36002D441E /* Build configuration list for PBXNativeTarget "HelloWorldUITests" */ = {
			isa = XCConfigurationList;
			buildConfigurations = (
				F85626C22030BB36002D441E /* Debug */,
				F85626C32030BB36002D441E /* Release */,
			);
			defaultConfigurationIsVisible = 0;
			defaultConfigurationName = Release;
		};
/* End XCConfigurationList section */
	};
	rootObject = F856268B2030BB35002D441E /* Project object */;
}
